{
    "_meta": {
        "hash": {
            "sha256": "63f5f78e1177cee62df8b55bc03813969436f67b4105e67b73995fc5b2b65a59"
        },
        "pipfile-spec": 6,
        "requires": {
            "python_version": "3.12"
        },
        "sources": [
            {
                "name": "pypi",
                "url": "https://pypi.org/simple",
                "verify_ssl": true
            }
        ]
    },
    "default": {
        "asgiref": {
            "hashes": [
                "sha256:3e1e3ecc849832fe52ccf2cb6686b7a55f82bb1d6aee72a58826471390335e47",
                "sha256:c343bd80a0bec947a9860adb4c432ffa7db769836c64238fc34bdc3fec84d590"
            ],
            "index": "pypi",
            "markers": "python_version >= '3.8'",
            "version": "==3.8.1"
        },
        "django": {
            "hashes": [
                "sha256:0745b25681b129a77aae3d4f6549b62d3913d74407831abaa0d9021a03954bae",
                "sha256:2b2ada0ee8a5ff743a40e2b9820d1f8e24c11bac9ae6469cd548f0057ea6ddcd"
            ],
            "index": "pypi",
            "markers": "python_version >= '3.10'",
            "version": "==5.2.5"
        },
        "django-environ": {
            "hashes": [
                "sha256:227dc891453dd5bde769c3449cf4a74b6f2ee8f7ab2361c93a07068f4179041a",
                "sha256:92fb346a158abda07ffe6eb23135ce92843af06ecf8753f43adf9d2366dcc0ca"
            ],
            "index": "pypi",
            "markers": "python_version >= '3.9' and python_version < '4'",
            "version": "==0.12.0"
        },
        "django-stubs-ext": {
            "hashes": [
                "sha256:8833bbe32405a2a0ce168d3f75a87168f61bd16939caf0e8bf173bccbd8a44c5",
                "sha256:d9d151b919fe2438760f5bd938f03e1cb08c84d0651f9e5917f1313907e42683"
            ],
            "index": "pypi",
            "markers": "python_version >= '3.10'",
            "version": "==5.2.2"
        },
        "django-types": {
            "hashes": [
                "sha256:4cecc9eee846e7ff2a398bec9dfe6543e76efb922a7a58c5d6064bcb0e6a3dc5",
                "sha256:ba15c756c7a732e58afd0737e54489f1c5e6f1bd24132e9199c637b1f88b057c"
            ],
            "index": "pypi",
            "markers": "python_version >= '3.10' and python_version < '4.0'",
            "version": "==0.22.0"
        },
        "mysqlclient": {
            "hashes": [
                "sha256:199dab53a224357dd0cb4d78ca0e54018f9cee9bf9ec68d72db50e0a23569076",
                "sha256:201a6faa301011dd07bca6b651fe5aaa546d7c9a5426835a06c3172e1056a3c5",
                "sha256:24ae22b59416d5fcce7e99c9d37548350b4565baac82f95e149cac6ce4163845",
                "sha256:2e3c11f7625029d7276ca506f8960a7fd3c5a0a0122c9e7404e6a8fe961b3d22",
                "sha256:4b4c0200890837fc64014cc938ef2273252ab544c1b12a6c1d674c23943f3f2e",
                "sha256:92af368ed9c9144737af569c86d3b6c74a012a6f6b792eb868384787b52bb585",
                "sha256:977e35244fe6ef44124e9a1c2d1554728a7b76695598e4b92b37dc2130503069",
                "sha256:a22d99d26baf4af68ebef430e3131bb5a9b722b79a9fcfac6d9bbf8a88800687"
            ],
            "index": "pypi",
            "markers": "python_version >= '3.8'",
            "version": "==2.2.7"
        },
        "sqlparse": {
            "hashes": [
                "sha256:09f67787f56a0b16ecdbde1bfc7f5d9c3371ca683cfeaa8e6ff60b4807ec9272",
                "sha256:cf2196ed3418f3ba5de6af7e82c694a9fbdbfecccdfc72e281548517081f16ca"
            ],
            "index": "pypi",
            "markers": "python_version >= '3.8'",
            "version": "==0.5.3"
        },
        "types-psycopg2": {
            "hashes": [
                "sha256:59b7b0ed56dcae9efae62b8373497274fc1a0484bdc5135cdacbe5a8f44e1d7b",
                "sha256:b7c2cbdcf7c0bd16240f59ba694347329b0463e43398de69784ea4dee45f3c6d"
            ],
            "markers": "python_version >= '3.9'",
            "version": "==2.9.21.20250809"
        },
        "types-pyyaml": {
            "hashes": [
                "sha256:652348fa9e7a203d4b0d21066dfb00760d3cbd5a15ebb7cf8d33c88a49546681",
                "sha256:d7c13c3e6d335b6af4b0122a01ff1d270aba84ab96d1a1a1063ecba3e13ec075"
            ],
            "index": "pypi",
            "markers": "python_version >= '3.9'",
            "version": "==6.0.12.20250402"
        },
        "typing-extensions": {
            "hashes": [
                "sha256:4b6cf02909eb5495cfbc3f6e8fd49217e6cc7944e145cdda8caa3734777f9e69",
                "sha256:98795af00fb9640edec5b8e31fc647597b4691f099ad75f469a2616be1a76dff"
            ],
            "index": "pypi",
            "markers": "python_version >= '3.8'",
            "version": "==4.13.1"
        },
        "tzdata": {
            "hashes": [
                "sha256:1a403fada01ff9221ca8044d701868fa132215d84beb92242d9acd2147f667a8",
                "sha256:b60a638fcc0daffadf82fe0f57e53d06bdec2f36c4df66280ae79bce6bd6f2b9"
            ],
            "index": "pypi",
            "markers": "python_version >= '2'",
            "version": "==2025.2"
        }
    },
    "develop": {}
}
